// !$*UTF8*$!
{
	archiveVersion = 1;
	classes = {
	};
	objectVersion = 56;
	objects = {

/* Begin PBXBuildFile section */
		C775BD1829E0428A002D4B73 /* CourseAppApp.swift in Sources */ = {isa = PBXBuildFile; fileRef = C775BD1729E0428A002D4B73 /* CourseAppApp.swift */; };
		C775BD1A29E0428A002D4B73 /* ContentView.swift in Sources */ = {isa = PBXBuildFile; fileRef = C775BD1929E0428A002D4B73 /* ContentView.swift */; };
		C775BD1C29E0428C002D4B73 /* Assets.xcassets in Resources */ = {isa = PBXBuildFile; fileRef = C775BD1B29E0428C002D4B73 /* Assets.xcassets */; };
		C775BD1F29E0428C002D4B73 /* Preview Assets.xcassets in Resources */ = {isa = PBXBuildFile; fileRef = C775BD1E29E0428C002D4B73 /* Preview Assets.xcassets */; };
		C775BD2629E04FF8002D4B73 /* GoogleService-Info.plist in Resources */ = {isa = PBXBuildFile; fileRef = C775BD2529E04FF8002D4B73 /* GoogleService-Info.plist */; };
		C775BD2929E059E5002D4B73 /* FirebaseAuth in Frameworks */ = {isa = PBXBuildFile; productRef = C775BD2829E059E5002D4B73 /* FirebaseAuth */; };
		C775BD2B29E059E5002D4B73 /* FirebaseFirestore in Frameworks */ = {isa = PBXBuildFile; productRef = C775BD2A29E059E5002D4B73 /* FirebaseFirestore */; };
		C775BD3029E05BD2002D4B73 /* AuthService.swift in Sources */ = {isa = PBXBuildFile; fileRef = C775BD2F29E05BD2002D4B73 /* AuthService.swift */; };
		C775BD3229E05BF4002D4B73 /* UserRoles.swift in Sources */ = {isa = PBXBuildFile; fileRef = C775BD3129E05BF4002D4B73 /* UserRoles.swift */; };
		C775BD3429E05C1A002D4B73 /* LoginView.swift in Sources */ = {isa = PBXBuildFile; fileRef = C775BD3329E05C1A002D4B73 /* LoginView.swift */; };
		C775BD3629E05C24002D4B73 /* ManagerView.swift in Sources */ = {isa = PBXBuildFile; fileRef = C775BD3529E05C24002D4B73 /* ManagerView.swift */; };
		C775BD3829E05C2F002D4B73 /* EmployeeView.swift in Sources */ = {isa = PBXBuildFile; fileRef = C775BD3729E05C2F002D4B73 /* EmployeeView.swift */; };
		C7C0290329E35F3F0020AEDA /* User.swift in Sources */ = {isa = PBXBuildFile; fileRef = C7C0290229E35F3F0020AEDA /* User.swift */; };
		C7C0293B29E3F9000020AEDA /* TaskDetailViewExecuter.swift in Sources */ = {isa = PBXBuildFile; fileRef = C7C0293A29E3F9000020AEDA /* TaskDetailViewExecuter.swift */; };
		C7F41AA329E0731D00B5F088 /* AddUserView.swift in Sources */ = {isa = PBXBuildFile; fileRef = C7F41AA229E0731D00B5F088 /* AddUserView.swift */; };
		C7F41AA529E08DB200B5F088 /* TaskListView.swift in Sources */ = {isa = PBXBuildFile; fileRef = C7F41AA429E08DB200B5F088 /* TaskListView.swift */; };
		C7F41AA729E08DD300B5F088 /* Task.swift in Sources */ = {isa = PBXBuildFile; fileRef = C7F41AA629E08DD300B5F088 /* Task.swift */; };
		C7F41AA929E08E2000B5F088 /* TaskDetailView.swift in Sources */ = {isa = PBXBuildFile; fileRef = C7F41AA829E08E2000B5F088 /* TaskDetailView.swift */; };
		C7F41AAB29E08E2A00B5F088 /* AddTaskView.swift in Sources */ = {isa = PBXBuildFile; fileRef = C7F41AAA29E08E2A00B5F088 /* AddTaskView.swift */; };
		C7F41AAD29E08F6B00B5F088 /* TaskService.swift in Sources */ = {isa = PBXBuildFile; fileRef = C7F41AAC29E08F6B00B5F088 /* TaskService.swift */; };
		C7F41AAF29E0907400B5F088 /* TaskStatus.swift in Sources */ = {isa = PBXBuildFile; fileRef = C7F41AAE29E0907400B5F088 /* TaskStatus.swift */; };
/* End PBXBuildFile section */

/* Begin PBXFileReference section */
		C775BD1429E0428A002D4B73 /* CourseApp.app */ = {isa = PBXFileReference; explicitFileType = wrapper.application; includeInIndex = 0; path = CourseApp.app; sourceTree = BUILT_PRODUCTS_DIR; };
		C775BD1729E0428A002D4B73 /* CourseAppApp.swift */ = {isa = PBXFileReference; lastKnownFileType = sourcecode.swift; path = CourseAppApp.swift; sourceTree = "<group>"; };
		C775BD1929E0428A002D4B73 /* ContentView.swift */ = {isa = PBXFileReference; lastKnownFileType = sourcecode.swift; path = ContentView.swift; sourceTree = "<group>"; };
		C775BD1B29E0428C002D4B73 /* Assets.xcassets */ = {isa = PBXFileReference; lastKnownFileType = folder.assetcatalog; path = Assets.xcassets; sourceTree = "<group>"; };
		C775BD1E29E0428C002D4B73 /* Preview Assets.xcassets */ = {isa = PBXFileReference; lastKnownFileType = folder.assetcatalog; path = "Preview Assets.xcassets"; sourceTree = "<group>"; };
		C775BD2529E04FF8002D4B73 /* GoogleService-Info.plist */ = {isa = PBXFileReference; fileEncoding = 4; lastKnownFileType = text.plist.xml; path = "GoogleService-Info.plist"; sourceTree = "<group>"; };
		C775BD2F29E05BD2002D4B73 /* AuthService.swift */ = {isa = PBXFileReference; lastKnownFileType = sourcecode.swift; path = AuthService.swift; sourceTree = "<group>"; };
		C775BD3129E05BF4002D4B73 /* UserRoles.swift */ = {isa = PBXFileReference; lastKnownFileType = sourcecode.swift; path = UserRoles.swift; sourceTree = "<group>"; };
		C775BD3329E05C1A002D4B73 /* LoginView.swift */ = {isa = PBXFileReference; lastKnownFileType = sourcecode.swift; path = LoginView.swift; sourceTree = "<group>"; };
		C775BD3529E05C24002D4B73 /* ManagerView.swift */ = {isa = PBXFileReference; lastKnownFileType = sourcecode.swift; path = ManagerView.swift; sourceTree = "<group>"; };
		C775BD3729E05C2F002D4B73 /* EmployeeView.swift */ = {isa = PBXFileReference; lastKnownFileType = sourcecode.swift; path = EmployeeView.swift; sourceTree = "<group>"; };
		C7C0290229E35F3F0020AEDA /* User.swift */ = {isa = PBXFileReference; lastKnownFileType = sourcecode.swift; path = User.swift; sourceTree = "<group>"; };
		C7C0293A29E3F9000020AEDA /* TaskDetailViewExecuter.swift */ = {isa = PBXFileReference; lastKnownFileType = sourcecode.swift; path = TaskDetailViewExecuter.swift; sourceTree = "<group>"; };
		C7F41AA229E0731D00B5F088 /* AddUserView.swift */ = {isa = PBXFileReference; lastKnownFileType = sourcecode.swift; path = AddUserView.swift; sourceTree = "<group>"; };
		C7F41AA429E08DB200B5F088 /* TaskListView.swift */ = {isa = PBXFileReference; lastKnownFileType = sourcecode.swift; path = TaskListView.swift; sourceTree = "<group>"; };
		C7F41AA629E08DD300B5F088 /* Task.swift */ = {isa = PBXFileReference; lastKnownFileType = sourcecode.swift; path = Task.swift; sourceTree = "<group>"; };
		C7F41AA829E08E2000B5F088 /* TaskDetailView.swift */ = {isa = PBXFileReference; lastKnownFileType = sourcecode.swift; path = TaskDetailView.swift; sourceTree = "<group>"; };
		C7F41AAA29E08E2A00B5F088 /* AddTaskView.swift */ = {isa = PBXFileReference; lastKnownFileType = sourcecode.swift; path = AddTaskView.swift; sourceTree = "<group>"; };
		C7F41AAC29E08F6B00B5F088 /* TaskService.swift */ = {isa = PBXFileReference; lastKnownFileType = sourcecode.swift; path = TaskService.swift; sourceTree = "<group>"; };
		C7F41AAE29E0907400B5F088 /* TaskStatus.swift */ = {isa = PBXFileReference; lastKnownFileType = sourcecode.swift; path = TaskStatus.swift; sourceTree = "<group>"; };
/* End PBXFileReference section */

/* Begin PBXFrameworksBuildPhase section */
		C775BD1129E0428A002D4B73 /* Frameworks */ = {
			isa = PBXFrameworksBuildPhase;
			buildActionMask = 2147483647;
			files = (
				C775BD2929E059E5002D4B73 /* FirebaseAuth in Frameworks */,
				C775BD2B29E059E5002D4B73 /* FirebaseFirestore in Frameworks */,
			);
			runOnlyForDeploymentPostprocessing = 0;
		};
/* End PBXFrameworksBuildPhase section */

/* Begin PBXGroup section */
		C775BD0B29E0428A002D4B73 = {
			isa = PBXGroup;
			children = (
				C775BD1629E0428A002D4B73 /* CourseApp */,
				C775BD1529E0428A002D4B73 /* Products */,
			);
			sourceTree = "<group>";
		};
		C775BD1529E0428A002D4B73 /* Products */ = {
			isa = PBXGroup;
			children = (
				C775BD1429E0428A002D4B73 /* CourseApp.app */,
			);
			name = Products;
			sourceTree = "<group>";
		};
		C775BD1629E0428A002D4B73 /* CourseApp */ = {
			isa = PBXGroup;
			children = (
				C775BD2E29E05A64002D4B73 /* ViewModel */,
				C775BD2D29E05A5C002D4B73 /* View */,
				C775BD2C29E05A54002D4B73 /* Model */,
				C775BD2529E04FF8002D4B73 /* GoogleService-Info.plist */,
				C775BD1729E0428A002D4B73 /* CourseAppApp.swift */,
				C775BD1929E0428A002D4B73 /* ContentView.swift */,
				C775BD1B29E0428C002D4B73 /* Assets.xcassets */,
				C775BD1D29E0428C002D4B73 /* Preview Content */,
			);
			path = CourseApp;
			sourceTree = "<group>";
		};
		C775BD1D29E0428C002D4B73 /* Preview Content */ = {
			isa = PBXGroup;
			children = (
				C775BD1E29E0428C002D4B73 /* Preview Assets.xcassets */,
			);
			path = "Preview Content";
			sourceTree = "<group>";
		};
		C775BD2C29E05A54002D4B73 /* Model */ = {
			isa = PBXGroup;
			children = (
				C775BD3129E05BF4002D4B73 /* UserRoles.swift */,
				C7F41AA629E08DD300B5F088 /* Task.swift */,
				C7F41AAE29E0907400B5F088 /* TaskStatus.swift */,
				C7C0290229E35F3F0020AEDA /* User.swift */,
			);
			path = Model;
			sourceTree = "<group>";
		};
		C775BD2D29E05A5C002D4B73 /* View */ = {
			isa = PBXGroup;
			children = (
				C775BD3329E05C1A002D4B73 /* LoginView.swift */,
				C775BD3529E05C24002D4B73 /* ManagerView.swift */,
				C775BD3729E05C2F002D4B73 /* EmployeeView.swift */,
				C7F41AA229E0731D00B5F088 /* AddUserView.swift */,
				C7F41AA429E08DB200B5F088 /* TaskListView.swift */,
				C7F41AA829E08E2000B5F088 /* TaskDetailView.swift */,
				C7F41AAA29E08E2A00B5F088 /* AddTaskView.swift */,
				C7C0293A29E3F9000020AEDA /* TaskDetailViewExecuter.swift */,
			);
			path = View;
			sourceTree = "<group>";
		};
		C775BD2E29E05A64002D4B73 /* ViewModel */ = {
			isa = PBXGroup;
			children = (
				C775BD2F29E05BD2002D4B73 /* AuthService.swift */,
				C7F41AAC29E08F6B00B5F088 /* TaskService.swift */,
			);
			path = ViewModel;
			sourceTree = "<group>";
		};
/* End PBXGroup section */

/* Begin PBXNativeTarget section */
		C775BD1329E0428A002D4B73 /* CourseApp */ = {
			isa = PBXNativeTarget;
			buildConfigurationList = C775BD2229E0428C002D4B73 /* Build configuration list for PBXNativeTarget "CourseApp" */;
			buildPhases = (
				C775BD1029E0428A002D4B73 /* Sources */,
				C775BD1129E0428A002D4B73 /* Frameworks */,
				C775BD1229E0428A002D4B73 /* Resources */,
			);
			buildRules = (
			);
			dependencies = (
			);
			name = CourseApp;
			packageProductDependencies = (
				C775BD2829E059E5002D4B73 /* FirebaseAuth */,
				C775BD2A29E059E5002D4B73 /* FirebaseFirestore */,
			);
			productName = CourseApp;
			productReference = C775BD1429E0428A002D4B73 /* CourseApp.app */;
			productType = "com.apple.product-type.application";
		};
/* End PBXNativeTarget section */

/* Begin PBXProject section */
		C775BD0C29E0428A002D4B73 /* Project object */ = {
			isa = PBXProject;
			attributes = {
				BuildIndependentTargetsInParallel = 1;
				LastSwiftUpdateCheck = 1430;
				LastUpgradeCheck = 1430;
				TargetAttributes = {
					C775BD1329E0428A002D4B73 = {
						CreatedOnToolsVersion = 14.3;
					};
				};
			};
			buildConfigurationList = C775BD0F29E0428A002D4B73 /* Build configuration list for PBXProject "CourseApp" */;
			compatibilityVersion = "Xcode 14.0";
			developmentRegion = en;
			hasScannedForEncodings = 0;
			knownRegions = (
				en,
				Base,
			);
			mainGroup = C775BD0B29E0428A002D4B73;
			packageReferences = (
				C775BD2729E059E5002D4B73 /* XCRemoteSwiftPackageReference "firebase-ios-sdk" */,
			);
			productRefGroup = C775BD1529E0428A002D4B73 /* Products */;
			projectDirPath = "";
			projectRoot = "";
			targets = (
				C775BD1329E0428A002D4B73 /* CourseApp */,
			);
		};
/* End PBXProject section */

/* Begin PBXResourcesBuildPhase section */
		C775BD1229E0428A002D4B73 /* Resources */ = {
			isa = PBXResourcesBuildPhase;
			buildActionMask = 2147483647;
			files = (
				C775BD1F29E0428C002D4B73 /* Preview Assets.xcassets in Resources */,
				C775BD1C29E0428C002D4B73 /* Assets.xcassets in Resources */,
				C775BD2629E04FF8002D4B73 /* GoogleService-Info.plist in Resources */,
			);
			runOnlyForDeploymentPostprocessing = 0;
		};
/* End PBXResourcesBuildPhase section */

/* Begin PBXSourcesBuildPhase section */
		C775BD1029E0428A002D4B73 /* Sources */ = {
			isa = PBXSourcesBuildPhase;
			buildActionMask = 2147483647;
			files = (
				C775BD3029E05BD2002D4B73 /* AuthService.swift in Sources */,
				C775BD1A29E0428A002D4B73 /* ContentView.swift in Sources */,
				C7F41AA729E08DD300B5F088 /* Task.swift in Sources */,
				C7F41AAB29E08E2A00B5F088 /* AddTaskView.swift in Sources */,
				C7F41AA929E08E2000B5F088 /* TaskDetailView.swift in Sources */,
				C7F41AA529E08DB200B5F088 /* TaskListView.swift in Sources */,
				C7F41AAD29E08F6B00B5F088 /* TaskService.swift in Sources */,
				C775BD3829E05C2F002D4B73 /* EmployeeView.swift in Sources */,
				C7C0290329E35F3F0020AEDA /* User.swift in Sources */,
				C775BD3629E05C24002D4B73 /* ManagerView.swift in Sources */,
				C775BD3229E05BF4002D4B73 /* UserRoles.swift in Sources */,
				C7F41AAF29E0907400B5F088 /* TaskStatus.swift in Sources */,
				C775BD3429E05C1A002D4B73 /* LoginView.swift in Sources */,
				C7C0293B29E3F9000020AEDA /* TaskDetailViewExecuter.swift in Sources */,
				C775BD1829E0428A002D4B73 /* CourseAppApp.swift in Sources */,
				C7F41AA329E0731D00B5F088 /* AddUserView.swift in Sources */,
			);
			runOnlyForDeploymentPostprocessing = 0;
		};
/* End PBXSourcesBuildPhase section */

/* Begin XCBuildConfiguration section */
		C775BD2029E0428C002D4B73 /* Debug */ = {
			isa = XCBuildConfiguration;
			buildSettings = {
				ALWAYS_SEARCH_USER_PATHS = NO;
				CLANG_ANALYZER_NONNULL = YES;
				CLANG_ANALYZER_NUMBER_OBJECT_CONVERSION = YES_AGGRESSIVE;
				CLANG_CXX_LANGUAGE_STANDARD = "gnu++20";
				CLANG_ENABLE_MODULES = YES;
				CLANG_ENABLE_OBJC_ARC = YES;
				CLANG_ENABLE_OBJC_WEAK = YES;
				CLANG_WARN_BLOCK_CAPTURE_AUTORELEASING = YES;
				CLANG_WARN_BOOL_CONVERSION = YES;
				CLANG_WARN_COMMA = YES;
				CLANG_WARN_CONSTANT_CONVERSION = YES;
				CLANG_WARN_DEPRECATED_OBJC_IMPLEMENTATIONS = YES;
				CLANG_WARN_DIRECT_OBJC_ISA_USAGE = YES_ERROR;
				CLANG_WARN_DOCUMENTATION_COMMENTS = YES;
				CLANG_WARN_EMPTY_BODY = YES;
				CLANG_WARN_ENUM_CONVERSION = YES;
				CLANG_WARN_INFINITE_RECURSION = YES;
				CLANG_WARN_INT_CONVERSION = YES;
				CLANG_WARN_NON_LITERAL_NULL_CONVERSION = YES;
				CLANG_WARN_OBJC_IMPLICIT_RETAIN_SELF = YES;
				CLANG_WARN_OBJC_LITERAL_CONVERSION = YES;
				CLANG_WARN_OBJC_ROOT_CLASS = YES_ERROR;
				CLANG_WARN_QUOTED_INCLUDE_IN_FRAMEWORK_HEADER = YES;
				CLANG_WARN_RANGE_LOOP_ANALYSIS = YES;
				CLANG_WARN_STRICT_PROTOTYPES = YES;
				CLANG_WARN_SUSPICIOUS_MOVE = YES;
				CLANG_WARN_UNGUARDED_AVAILABILITY = YES_AGGRESSIVE;
				CLANG_WARN_UNREACHABLE_CODE = YES;
				CLANG_WARN__DUPLICATE_METHOD_MATCH = YES;
				COPY_PHASE_STRIP = NO;
				DEBUG_INFORMATION_FORMAT = dwarf;
				ENABLE_STRICT_OBJC_MSGSEND = YES;
				ENABLE_TESTABILITY = YES;
				GCC_C_LANGUAGE_STANDARD = gnu11;
				GCC_DYNAMIC_NO_PIC = NO;
				GCC_NO_COMMON_BLOCKS = YES;
				GCC_OPTIMIZATION_LEVEL = 0;
				GCC_PREPROCESSOR_DEFINITIONS = (
					"DEBUG=1",
					"$(inherited)",
				);
				GCC_WARN_64_TO_32_BIT_CONVERSION = YES;
				GCC_WARN_ABOUT_RETURN_TYPE = YES_ERROR;
				GCC_WARN_UNDECLARED_SELECTOR = YES;
				GCC_WARN_UNINITIALIZED_AUTOS = YES_AGGRESSIVE;
				GCC_WARN_UNUSED_FUNCTION = YES;
				GCC_WARN_UNUSED_VARIABLE = YES;
				IPHONEOS_DEPLOYMENT_TARGET = 16.4;
				MTL_ENABLE_DEBUG_INFO = INCLUDE_SOURCE;
				MTL_FAST_MATH = YES;
				ONLY_ACTIVE_ARCH = YES;
				SDKROOT = iphoneos;
				SWIFT_ACTIVE_COMPILATION_CONDITIONS = DEBUG;
				SWIFT_OPTIMIZATION_LEVEL = "-Onone";
			};
			name = Debug;
		};
		C775BD2129E0428C002D4B73 /* Release */ = {
			isa = XCBuildConfiguration;
			buildSettings = {
				ALWAYS_SEARCH_USER_PATHS = NO;
				CLANG_ANALYZER_NONNULL = YES;
				CLANG_ANALYZER_NUMBER_OBJECT_CONVERSION = YES_AGGRESSIVE;
				CLANG_CXX_LANGUAGE_STANDARD = "gnu++20";
				CLANG_ENABLE_MODULES = YES;
				CLANG_ENABLE_OBJC_ARC = YES;
				CLANG_ENABLE_OBJC_WEAK = YES;
				CLANG_WARN_BLOCK_CAPTURE_AUTORELEASING = YES;
				CLANG_WARN_BOOL_CONVERSION = YES;
				CLANG_WARN_COMMA = YES;
				CLANG_WARN_CONSTANT_CONVERSION = YES;
				CLANG_WARN_DEPRECATED_OBJC_IMPLEMENTATIONS = YES;
				CLANG_WARN_DIRECT_OBJC_ISA_USAGE = YES_ERROR;
				CLANG_WARN_DOCUMENTATION_COMMENTS = YES;
				CLANG_WARN_EMPTY_BODY = YES;
				CLANG_WARN_ENUM_CONVERSION = YES;
				CLANG_WARN_INFINITE_RECURSION = YES;
				CLANG_WARN_INT_CONVERSION = YES;
				CLANG_WARN_NON_LITERAL_NULL_CONVERSION = YES;
				CLANG_WARN_OBJC_IMPLICIT_RETAIN_SELF = YES;
				CLANG_WARN_OBJC_LITERAL_CONVERSION = YES;
				CLANG_WARN_OBJC_ROOT_CLASS = YES_ERROR;
				CLANG_WARN_QUOTED_INCLUDE_IN_FRAMEWORK_HEADER = YES;
				CLANG_WARN_RANGE_LOOP_ANALYSIS = YES;
				CLANG_WARN_STRICT_PROTOTYPES = YES;
				CLANG_WARN_SUSPICIOUS_MOVE = YES;
				CLANG_WARN_UNGUARDED_AVAILABILITY = YES_AGGRESSIVE;
				CLANG_WARN_UNREACHABLE_CODE = YES;
				CLANG_WARN__DUPLICATE_METHOD_MATCH = YES;
				COPY_PHASE_STRIP = NO;
				DEBUG_INFORMATION_FORMAT = "dwarf-with-dsym";
				ENABLE_NS_ASSERTIONS = NO;
				ENABLE_STRICT_OBJC_MSGSEND = YES;
				GCC_C_LANGUAGE_STANDARD = gnu11;
				GCC_NO_COMMON_BLOCKS = YES;
				GCC_WARN_64_TO_32_BIT_CONVERSION = YES;
				GCC_WARN_ABOUT_RETURN_TYPE = YES_ERROR;
				GCC_WARN_UNDECLARED_SELECTOR = YES;
				GCC_WARN_UNINITIALIZED_AUTOS = YES_AGGRESSIVE;
				GCC_WARN_UNUSED_FUNCTION = YES;
				GCC_WARN_UNUSED_VARIABLE = YES;
				IPHONEOS_DEPLOYMENT_TARGET = 16.4;
				MTL_ENABLE_DEBUG_INFO = NO;
				MTL_FAST_MATH = YES;
				SDKROOT = iphoneos;
				SWIFT_COMPILATION_MODE = wholemodule;
				SWIFT_OPTIMIZATION_LEVEL = "-O";
				VALIDATE_PRODUCT = YES;
			};
			name = Release;
		};
		C775BD2329E0428C002D4B73 /* Debug */ = {
			isa = XCBuildConfiguration;
			buildSettings = {
				ASSETCATALOG_COMPILER_APPICON_NAME = AppIcon;
				ASSETCATALOG_COMPILER_GLOBAL_ACCENT_COLOR_NAME = AccentColor;
				CODE_SIGN_STYLE = Automatic;
				CURRENT_PROJECT_VERSION = 1;
				DEVELOPMENT_ASSET_PATHS = "\"CourseApp/Preview Content\"";
				DEVELOPMENT_TEAM = RCCUBKLJRG;
				ENABLE_PREVIEWS = YES;
				GENERATE_INFOPLIST_FILE = YES;
				INFOPLIST_KEY_UIApplicationSceneManifest_Generation = YES;
				INFOPLIST_KEY_UIApplicationSupportsIndirectInputEvents = YES;
				INFOPLIST_KEY_UILaunchScreen_Generation = YES;
				INFOPLIST_KEY_UISupportedInterfaceOrientations_iPad = "UIInterfaceOrientationPortrait UIInterfaceOrientationPortraitUpsideDown UIInterfaceOrientationLandscapeLeft UIInterfaceOrientationLandscapeRight";
				INFOPLIST_KEY_UISupportedInterfaceOrientations_iPhone = "UIInterfaceOrientationPortrait UIInterfaceOrientationLandscapeLeft UIInterfaceOrientationLandscapeRight";
				LD_RUNPATH_SEARCH_PATHS = (
					"$(inherited)",
					"@executable_path/Frameworks",
				);
				MARKETING_VERSION = 1.0;
				PRODUCT_BUNDLE_IDENTIFIER = com.salimsoltanovich.CourseApp;
				PRODUCT_NAME = "$(TARGET_NAME)";
				SWIFT_EMIT_LOC_STRINGS = YES;
				SWIFT_VERSION = 5.0;
				TARGETED_DEVICE_FAMILY = "1,2";
			};
			name = Debug;
		};
		C775BD2429E0428C002D4B73 /* Release */ = {
			isa = XCBuildConfiguration;
			buildSettings = {
				ASSETCATALOG_COMPILER_APPICON_NAME = AppIcon;
				ASSETCATALOG_COMPILER_GLOBAL_ACCENT_COLOR_NAME = AccentColor;
				CODE_SIGN_STYLE = Automatic;
				CURRENT_PROJECT_VERSION = 1;
				DEVELOPMENT_ASSET_PATHS = "\"CourseApp/Preview Content\"";
				DEVELOPMENT_TEAM = RCCUBKLJRG;
				ENABLE_PREVIEWS = YES;
				GENERATE_INFOPLIST_FILE = YES;
				INFOPLIST_KEY_UIApplicationSceneManifest_Generation = YES;
				INFOPLIST_KEY_UIApplicationSupportsIndirectInputEvents = YES;
				INFOPLIST_KEY_UILaunchScreen_Generation = YES;
				INFOPLIST_KEY_UISupportedInterfaceOrientations_iPad = "UIInterfaceOrientationPortrait UIInterfaceOrientationPortraitUpsideDown UIInterfaceOrientationLandscapeLeft UIInterfaceOrientationLandscapeRight";
				INFOPLIST_KEY_UISupportedInterfaceOrientations_iPhone = "UIInterfaceOrientationPortrait UIInterfaceOrientationLandscapeLeft UIInterfaceOrientationLandscapeRight";
				LD_RUNPATH_SEARCH_PATHS = (
					"$(inherited)",
					"@executable_path/Frameworks",
				);
				MARKETING_VERSION = 1.0;
				PRODUCT_BUNDLE_IDENTIFIER = com.salimsoltanovich.CourseApp;
				PRODUCT_NAME = "$(TARGET_NAME)";
				SWIFT_EMIT_LOC_STRINGS = YES;
				SWIFT_VERSION = 5.0;
				TARGETED_DEVICE_FAMILY = "1,2";
			};
			name = Release;
		};
/* End XCBuildConfiguration section */

/* Begin XCConfigurationList section */
		C775BD0F29E0428A002D4B73 /* Build configuration list for PBXProject "CourseApp" */ = {
			isa = XCConfigurationList;
			buildConfigurations = (
				C775BD2029E0428C002D4B73 /* Debug */,
				C775BD2129E0428C002D4B73 /* Release */,
			);
			defaultConfigurationIsVisible = 0;
			defaultConfigurationName = Release;
		};
		C775BD2229E0428C002D4B73 /* Build configuration list for PBXNativeTarget "CourseApp" */ = {
			isa = XCConfigurationList;
			buildConfigurations = (
				C775BD2329E0428C002D4B73 /* Debug */,
				C775BD2429E0428C002D4B73 /* Release */,
			);
			defaultConfigurationIsVisible = 0;
			defaultConfigurationName = Release;
		};
/* End XCConfigurationList section */

/* Begin XCRemoteSwiftPackageReference section */
		C775BD2729E059E5002D4B73 /* XCRemoteSwiftPackageReference "firebase-ios-sdk" */ = {
			isa = XCRemoteSwiftPackageReference;
			repositoryURL = "https://github.com/firebase/firebase-ios-sdk";
			requirement = {
				kind = upToNextMajorVersion;
				minimumVersion = 10.0.0;
			};
		};
/* End XCRemoteSwiftPackageReference section */

/* Begin XCSwiftPackageProductDependency section */
		C775BD2829E059E5002D4B73 /* FirebaseAuth */ = {
			isa = XCSwiftPackageProductDependency;
			package = C775BD2729E059E5002D4B73 /* XCRemoteSwiftPackageReference "firebase-ios-sdk" */;
			productName = FirebaseAuth;
		};
		C775BD2A29E059E5002D4B73 /* FirebaseFirestore */ = {
			isa = XCSwiftPackageProductDependency;
			package = C775BD2729E059E5002D4B73 /* XCRemoteSwiftPackageReference "firebase-ios-sdk" */;
			productName = FirebaseFirestore;
		};
/* End XCSwiftPackageProductDependency section */
	};
	rootObject = C775BD0C29E0428A002D4B73 /* Project object */;
}
